
Microsoft Visual Studio Solution File, Format Version 12.00
# Visual Studio Version 17
Project("{8BC9CEB8-8B4A-11D0-8D11-00A0C91BC942}") = "GLFW", "Dependencies\glfw\GLFW.vcxproj", "{154B857C-0182-860D-AA6E-6C109684020F}"
EndProject
Project("{8BC9CEB8-8B4A-11D0-8D11-00A0C91BC942}") = "ReckonEngine --extra", "ReckonEngine --extra\ReckonEngine --extra.vcxproj", "{3B473262-27D6-BB2B-D0F4-CF26BC62CCD1}"
EndProject
Global
	GlobalSection(SolutionConfigurationPlatforms) = preSolution
		Debug|x64 = Debug|x64
		Release|x64 = Release|x64
	EndGlobalSection
	GlobalSection(ProjectConfigurationPlatforms) = postSolution
		{154B857C-0182-860D-AA6E-6C109684020F}.Debug|x64.ActiveCfg = Debug|x64
		{154B857C-0182-860D-AA6E-6C109684020F}.Debug|x64.Build.0 = Debug|x64
		{154B857C-0182-860D-AA6E-6C109684020F}.Release|x64.ActiveCfg = Release|x64
		{154B857C-0182-860D-AA6E-6C109684020F}.Release|x64.Build.0 = Release|x64
		{3B473262-27D6-BB2B-D0F4-CF26BC62CCD1}.Debug|x64.ActiveCfg = Debug|x64
		{3B473262-27D6-BB2B-D0F4-CF26BC62CCD1}.Debug|x64.Build.0 = Debug|x64
		{3B473262-27D6-BB2B-D0F4-CF26BC62CCD1}.Release|x64.ActiveCfg = Release|x64
		{3B473262-27D6-BB2B-D0F4-CF26BC62CCD1}.Release|x64.Build.0 = Release|x64
	EndGlobalSection
	GlobalSection(SolutionProperties) = preSolution
		HideSolutionNode = FALSE
	EndGlobalSection
EndGlobal
